
Microsoft Visual Studio Solution File, Format Version 12.00
# Visual Studio Version 16
VisualStudioVersion = 16.0.30128.74
MinimumVisualStudioVersion = 10.0.40219.1
Project("{8BC9CEB8-8B4A-11D0-8D11-00A0C91BC942}") = "Program8_pi", "Program8_pi.vcxproj", "{B43E5B4E-0DAA-42F6-A49C-32DBEEF96A54}"
EndProject
Global
	GlobalSection(SolutionConfigurationPlatforms) = preSolution
		Debug|x64 = Debug|x64
		Debug|x86 = Debug|x86
		Release|x64 = Release|x64
		Release|x86 = Release|x86
	EndGlobalSection
	GlobalSection(ProjectConfigurationPlatforms) = postSolution
		{B43E5B4E-0DAA-42F6-A49C-32DBEEF96A54}.Debug|x64.ActiveCfg = Debug|x64
		{B43E5B4E-0DAA-42F6-A49C-32DBEEF96A54}.Debug|x64.Build.0 = Debug|x64
		{B43E5B4E-0DAA-42F6-A49C-32DBEEF96A54}.Debug|x86.ActiveCfg = Debug|Win32
		{B43E5B4E-0DAA-42F6-A49C-32DBEEF96A54}.Debug|x86.Build.0 = Debug|Win32
		{B43E5B4E-0DAA-42F6-A49C-32DBEEF96A54}.Release|x64.ActiveCfg = Release|x64
		{B43E5B4E-0DAA-42F6-A49C-32DBEEF96A54}.Release|x64.Build.0 = Release|x64
		{B43E5B4E-0DAA-42F6-A49C-32DBEEF96A54}.Release|x86.ActiveCfg = Release|Win32
		{B43E5B4E-0DAA-42F6-A49C-32DBEEF96A54}.Release|x86.Build.0 = Release|Win32
	EndGlobalSection
	GlobalSection(SolutionProperties) = preSolution
		HideSolutionNode = FALSE
	EndGlobalSection
	GlobalSection(ExtensibilityGlobals) = postSolution
		SolutionGuid = {208BC466-293A-4FC9-B37C-36E5D57D5162}
	EndGlobalSection
EndGlobal
