
Microsoft Visual Studio Solution File, Format Version 12.00
# Visual Studio Version 16
VisualStudioVersion = 16.0.30128.74
MinimumVisualStudioVersion = 10.0.40219.1
Project("{8BC9CEB8-8B4A-11D0-8D11-00A0C91BC942}") = "Project0_ShareOfSavings", "Project0_ShareOfSavings.vcxproj", "{560A20A3-BAD4-40C8-B37D-C88C9F275893}"
EndProject
Global
	GlobalSection(SolutionConfigurationPlatforms) = preSolution
		Debug|x64 = Debug|x64
		Debug|x86 = Debug|x86
		Release|x64 = Release|x64
		Release|x86 = Release|x86
	EndGlobalSection
	GlobalSection(ProjectConfigurationPlatforms) = postSolution
		{560A20A3-BAD4-40C8-B37D-C88C9F275893}.Debug|x64.ActiveCfg = Debug|x64
		{560A20A3-BAD4-40C8-B37D-C88C9F275893}.Debug|x64.Build.0 = Debug|x64
		{560A20A3-BAD4-40C8-B37D-C88C9F275893}.Debug|x86.ActiveCfg = Debug|Win32
		{560A20A3-BAD4-40C8-B37D-C88C9F275893}.Debug|x86.Build.0 = Debug|Win32
		{560A20A3-BAD4-40C8-B37D-C88C9F275893}.Release|x64.ActiveCfg = Release|x64
		{560A20A3-BAD4-40C8-B37D-C88C9F275893}.Release|x64.Build.0 = Release|x64
		{560A20A3-BAD4-40C8-B37D-C88C9F275893}.Release|x86.ActiveCfg = Release|Win32
		{560A20A3-BAD4-40C8-B37D-C88C9F275893}.Release|x86.Build.0 = Release|Win32
	EndGlobalSection
	GlobalSection(SolutionProperties) = preSolution
		HideSolutionNode = FALSE
	EndGlobalSection
	GlobalSection(ExtensibilityGlobals) = postSolution
		SolutionGuid = {90B6902B-48B5-4694-A444-295EEA005126}
	EndGlobalSection
EndGlobal
